PODS:
  - Alamofire (5.0.5)
  - NVActivityIndicatorView (4.8.0):
    - NVActivityIndicatorView/Presenter (= 4.8.0)
  - NVActivityIndicatorView/Presenter (4.8.0)
  - SDWebImage (4.4.8):
    - SDWebImage/Core (= 4.4.8)
  - SDWebImage/Core (4.4.8)

DEPENDENCIES:
  - Alamofire (~> 5.0)
  - NVActivityIndicatorView
  - SDWebImage (~> 4.0)

SPEC REPOS:
  trunk:
    - Alamofire
    - NVActivityIndicatorView
    - SDWebImage

SPEC CHECKSUMS:
  Alamofire: df2f8f826963b08b9a870791ad48e07a10090b2e
  NVActivityIndicatorView: d24b7ebcf80af5dcd994adb650e2b6c93379270f
  SDWebImage: 783af2c3fa36291a250030c4752ee370a9a51d13

PODFILE CHECKSUM: b5b066e086f6418c1492b54d56af496fec4e315b

COCOAPODS: 1.8.4
